GEM
  remote: https://rubygems.org/
  specs:
    drb (2.2.3)
    erubi (1.13.1)
    hoe (4.7.2)
      rake (~> 13.0)
    minitest (6.0.6)
      drb (~> 2.0)
      prism (~> 1.5)
    path_expander (2.0.1)
    prism (1.9.0)
    rake (13.4.2)
    ruby2ruby (2.6.2)
      sexp_processor (~> 4.6)
    sexp_processor (4.17.6)

PLATFORMS
  ruby
  x86_64-darwin-23

DEPENDENCIES
  erubi
  hoe
  minitest
  path_expander
  prism
  rake
  ruby2ruby
  sexp_processor

CHECKSUMS
  drb (2.2.3) sha256=0b00d6fdb50995fe4a45dea13663493c841112e4068656854646f418fda13373
  erubi (1.13.1) sha256=a082103b0885dbc5ecf1172fede897f9ebdb745a4b97a5e8dc63953db1ee4ad9
  hoe (4.7.2) sha256=769e0d31d2fff860388404b78c118ef154b63d164e008c65e3d625f9522bdbae
  minitest (6.0.6) sha256=153ea36d1d987a62942382b61075745042a2b3123b1cd48f4c3675af9cc7d6f1
  path_expander (2.0.1) sha256=2de201164bff4719cc4d0b3767286e9977cc832a59c4d70abab571ec86cb41e4
  prism (1.9.0) sha256=7b530c6a9f92c24300014919c9dcbc055bf4cdf51ec30aed099b06cd6674ef85
  rake (13.4.2) sha256=cb825b2bd5f1f8e91ca37bddb4b9aaf345551b4731da62949be002fa89283701
  ruby2ruby (2.6.2) sha256=63f91bae79a597578be4ecb0b9ced4f4a62be15d95c4537d59a2f81b9d950b1b
  sexp_processor (4.17.6) sha256=3c5d0e9db06377abde06db51dbacb14ce239ed0bd038ae515bc42c81602c6c1f

BUNDLED WITH
  4.0.10
